
Microsoft Visual Studio Solution File, Format Version 12.00
# Visual Studio Version 16
VisualStudioVersion = 16.0.31019.35
MinimumVisualStudioVersion = 10.0.40219.1
Project("{FAE04EC0-301F-11D3-BF4B-00C04F79EFBC}") = "Server", "ConsoleApp2\Server.csproj", "{1B791F2C-6D16-46CC-B672-591E59577A8B}"
EndProject
Project("{FAE04EC0-301F-11D3-BF4B-00C04F79EFBC}") = "Client", "Client\Client.csproj", "{7E2B9A3D-A7B8-4535-8195-B99AF6DE11D1}"
EndProject
Global
	GlobalSection(SolutionConfigurationPlatforms) = preSolution
		Debug|Any CPU = Debug|Any CPU
		Release|Any CPU = Release|Any CPU
	EndGlobalSection
	GlobalSection(ProjectConfigurationPlatforms) = postSolution
		{1B791F2C-6D16-46CC-B672-591E59577A8B}.Debug|Any CPU.ActiveCfg = Debug|Any CPU
		{1B791F2C-6D16-46CC-B672-591E59577A8B}.Debug|Any CPU.Build.0 = Debug|Any CPU
		{1B791F2C-6D16-46CC-B672-591E59577A8B}.Release|Any CPU.ActiveCfg = Release|Any CPU
		{1B791F2C-6D16-46CC-B672-591E59577A8B}.Release|Any CPU.Build.0 = Release|Any CPU
		{7E2B9A3D-A7B8-4535-8195-B99AF6DE11D1}.Debug|Any CPU.ActiveCfg = Debug|Any CPU
		{7E2B9A3D-A7B8-4535-8195-B99AF6DE11D1}.Debug|Any CPU.Build.0 = Debug|Any CPU
		{7E2B9A3D-A7B8-4535-8195-B99AF6DE11D1}.Release|Any CPU.ActiveCfg = Release|Any CPU
		{7E2B9A3D-A7B8-4535-8195-B99AF6DE11D1}.Release|Any CPU.Build.0 = Release|Any CPU
	EndGlobalSection
	GlobalSection(SolutionProperties) = preSolution
		HideSolutionNode = FALSE
	EndGlobalSection
	GlobalSection(ExtensibilityGlobals) = postSolution
		SolutionGuid = {477DCA26-7929-4BB8-933E-A43BE5F89038}
	EndGlobalSection
EndGlobal
